<Solution>
  <Folder Name="/Solution Items/">
    <File Path=".github/workflows/build.yml" />
    <File Path=".github/workflows/release.yml" />
    <File Path="Directory.Build.props" />
    <File Path="Directory.Build.targets" />
    <File Path="global.json" />
    <File Path="LICENSE" />
    <File Path="README.md" />
    <File Path="RELEASE_NOTES.md" />
  </Folder>
  <Project Path="NAudio.Vorbis/NAudio.Vorbis.csproj" />
  <Project Path="NAudio.Vorbis.Tests/NAudio.Vorbis.Tests.csproj" />
  <Project Path="TestApp/TestApp.csproj" />
</Solution>
