
Microsoft Visual Studio Solution File, Format Version 12.00
# Visual Studio Version 16
VisualStudioVersion = 16.0.29613.14
MinimumVisualStudioVersion = 10.0.40219.1
Project("{FAE04EC0-301F-11D3-BF4B-00C04F79EFBC}") = "NAudio.Vorbis", "NAudio.Vorbis\NAudio.Vorbis.csproj", "{6FC9AAA7-E7FE-4BD4-B813-582D4B3BDA0C}"
EndProject
Global
	GlobalSection(SolutionConfigurationPlatforms) = preSolution
		Debug|Any CPU = Debug|Any CPU
		Release|Any CPU = Release|Any CPU
	EndGlobalSection
	GlobalSection(ProjectConfigurationPlatforms) = postSolution
		{6FC9AAA7-E7FE-4BD4-B813-582D4B3BDA0C}.Debug|Any CPU.ActiveCfg = Debug|Any CPU
		{6FC9AAA7-E7FE-4BD4-B813-582D4B3BDA0C}.Debug|Any CPU.Build.0 = Debug|Any CPU
		{6FC9AAA7-E7FE-4BD4-B813-582D4B3BDA0C}.Release|Any CPU.ActiveCfg = Release|Any CPU
		{6FC9AAA7-E7FE-4BD4-B813-582D4B3BDA0C}.Release|Any CPU.Build.0 = Release|Any CPU
	EndGlobalSection
	GlobalSection(SolutionProperties) = preSolution
		HideSolutionNode = FALSE
	EndGlobalSection
	GlobalSection(ExtensibilityGlobals) = postSolution
		SolutionGuid = {D213AC39-789A-4BC6-8B8A-1D490F32ACAF}
	EndGlobalSection
EndGlobal
